// !$*UTF8*$!
{
	archiveVersion = 1;
	classes = {
	};
	objectVersion = 50;
	objects = {

/* Begin PBXBuildFile section */
		FA839F4F264106FB00D11724 /* AppDelegate.m in Sources */ = {isa = PBXBuildFile; fileRef = FA839F4E264106FB00D11724 /* AppDelegate.m */; };
		FA839F52264106FB00D11724 /* SceneDelegate.m in Sources */ = {isa = PBXBuildFile; fileRef = FA839F51264106FB00D11724 /* SceneDelegate.m */; };
		FA839F55264106FB00D11724 /* ViewController.m in Sources */ = {isa = PBXBuildFile; fileRef = FA839F54264106FB00D11724 /* ViewController.m */; };
		FA839F58264106FB00D11724 /* Main.storyboard in Resources */ = {isa = PBXBuildFile; fileRef = FA839F56264106FB00D11724 /* Main.storyboard */; };
		FA839F5A2641070100D11724 /* Assets.xcassets in Resources */ = {isa = PBXBuildFile; fileRef = FA839F592641070100D11724 /* Assets.xcassets */; };
		FA839F5D2641070100D11724 /* LaunchScreen.storyboard in Resources */ = {isa = PBXBuildFile; fileRef = FA839F5B2641070100D11724 /* LaunchScreen.storyboard */; };
		FA839F602641070100D11724 /* main.m in Sources */ = {isa = PBXBuildFile; fileRef = FA839F5F2641070100D11724 /* main.m */; };
/* End PBXBuildFile section */

/* Begin PBXFileReference section */
		FA839F4A264106FB00D11724 /* lesson8.app */ = {isa = PBXFileReference; explicitFileType = wrapper.application; includeInIndex = 0; path = lesson8.app; sourceTree = BUILT_PRODUCTS_DIR; };
		FA839F4D264106FB00D11724 /* AppDelegate.h */ = {isa = PBXFileReference; lastKnownFileType = sourcecode.c.h; path = AppDelegate.h; sourceTree = "<group>"; };
		FA839F4E264106FB00D11724 /* AppDelegate.m */ = {isa = PBXFileReference; lastKnownFileType = sourcecode.c.objc; path = AppDelegate.m; sourceTree = "<group>"; };
		FA839F50264106FB00D11724 /* SceneDelegate.h */ = {isa = PBXFileReference; lastKnownFileType = sourcecode.c.h; path = SceneDelegate.h; sourceTree = "<group>"; };
		FA839F51264106FB00D11724 /* SceneDelegate.m */ = {isa = PBXFileReference; lastKnownFileType = sourcecode.c.objc; path = SceneDelegate.m; sourceTree = "<group>"; };
		FA839F53264106FB00D11724 /* ViewController.h */ = {isa = PBXFileReference; lastKnownFileType = sourcecode.c.h; path = ViewController.h; sourceTree = "<group>"; };
		FA839F54264106FB00D11724 /* ViewController.m */ = {isa = PBXFileReference; lastKnownFileType = sourcecode.c.objc; path = ViewController.m; sourceTree = "<group>"; };
		FA839F57264106FB00D11724 /* Base */ = {isa = PBXFileReference; lastKnownFileType = file.storyboard; name = Base; path = Base.lproj/Main.storyboard; sourceTree = "<group>"; };
		FA839F592641070100D11724 /* Assets.xcassets */ = {isa = PBXFileReference; lastKnownFileType = folder.assetcatalog; path = Assets.xcassets; sourceTree = "<group>"; };
		FA839F5C2641070100D11724 /* Base */ = {isa = PBXFileReference; lastKnownFileType = file.storyboard; name = Base; path = Base.lproj/LaunchScreen.storyboard; sourceTree = "<group>"; };
		FA839F5E2641070100D11724 /* Info.plist */ = {isa = PBXFileReference; lastKnownFileType = text.plist.xml; path = Info.plist; sourceTree = "<group>"; };
		FA839F5F2641070100D11724 /* main.m */ = {isa = PBXFileReference; lastKnownFileType = sourcecode.c.objc; path = main.m; sourceTree = "<group>"; };
/* End PBXFileReference section */

/* Begin PBXFrameworksBuildPhase section */
		FA839F47264106FB00D11724 /* Frameworks */ = {
			isa = PBXFrameworksBuildPhase;
			buildActionMask = 2147483647;
			files = (
			);
			runOnlyForDeploymentPostprocessing = 0;
		};
/* End PBXFrameworksBuildPhase section */

/* Begin PBXGroup section */
		FA839F41264106FA00D11724 = {
			isa = PBXGroup;
			children = (
				FA839F4C264106FB00D11724 /* lesson8 */,
				FA839F4B264106FB00D11724 /* Products */,
			);
			sourceTree = "<group>";
		};
		FA839F4B264106FB00D11724 /* Products */ = {
			isa = PBXGroup;
			children = (
				FA839F4A264106FB00D11724 /* lesson8.app */,
			);
			name = Products;
			sourceTree = "<group>";
		};
		FA839F4C264106FB00D11724 /* lesson8 */ = {
			isa = PBXGroup;
			children = (
				FA839F4D264106FB00D11724 /* AppDelegate.h */,
				FA839F4E264106FB00D11724 /* AppDelegate.m */,
				FA839F50264106FB00D11724 /* SceneDelegate.h */,
				FA839F51264106FB00D11724 /* SceneDelegate.m */,
				FA839F53264106FB00D11724 /* ViewController.h */,
				FA839F54264106FB00D11724 /* ViewController.m */,
				FA839F56264106FB00D11724 /* Main.storyboard */,
				FA839F592641070100D11724 /* Assets.xcassets */,
				FA839F5B2641070100D11724 /* LaunchScreen.storyboard */,
				FA839F5E2641070100D11724 /* Info.plist */,
				FA839F5F2641070100D11724 /* main.m */,
			);
			path = lesson8;
			sourceTree = "<group>";
		};
/* End PBXGroup section */

/* Begin PBXNativeTarget section */
		FA839F49264106FB00D11724 /* lesson8 */ = {
			isa = PBXNativeTarget;
			buildConfigurationList = FA839F632641070100D11724 /* Build configuration list for PBXNativeTarget "lesson8" */;
			buildPhases = (
				FA839F46264106FB00D11724 /* Sources */,
				FA839F47264106FB00D11724 /* Frameworks */,
				FA839F48264106FB00D11724 /* Resources */,
			);
			buildRules = (
			);
			dependencies = (
			);
			name = lesson8;
			productName = lesson8;
			productReference = FA839F4A264106FB00D11724 /* lesson8.app */;
			productType = "com.apple.product-type.application";
		};
/* End PBXNativeTarget section */

/* Begin PBXProject section */
		FA839F42264106FA00D11724 /* Project object */ = {
			isa = PBXProject;
			attributes = {
				LastUpgradeCheck = 1240;
				TargetAttributes = {
					FA839F49264106FB00D11724 = {
						CreatedOnToolsVersion = 12.4;
					};
				};
			};
			buildConfigurationList = FA839F45264106FB00D11724 /* Build configuration list for PBXProject "lesson8" */;
			compatibilityVersion = "Xcode 9.3";
			developmentRegion = en;
			hasScannedForEncodings = 0;
			knownRegions = (
				en,
				Base,
			);
			mainGroup = FA839F41264106FA00D11724;
			productRefGroup = FA839F4B264106FB00D11724 /* Products */;
			projectDirPath = "";
			projectRoot = "";
			targets = (
				FA839F49264106FB00D11724 /* lesson8 */,
			);
		};
/* End PBXProject section */

/* Begin PBXResourcesBuildPhase section */
		FA839F48264106FB00D11724 /* Resources */ = {
			isa = PBXResourcesBuildPhase;
			buildActionMask = 2147483647;
			files = (
				FA839F5D2641070100D11724 /* LaunchScreen.storyboard in Resources */,
				FA839F5A2641070100D11724 /* Assets.xcassets in Resources */,
				FA839F58264106FB00D11724 /* Main.storyboard in Resources */,
			);
			runOnlyForDeploymentPostprocessing = 0;
		};
/* End PBXResourcesBuildPhase section */

/* Begin PBXSourcesBuildPhase section */
		FA839F46264106FB00D11724 /* Sources */ = {
			isa = PBXSourcesBuildPhase;
			buildActionMask = 2147483647;
			files = (
				FA839F55264106FB00D11724 /* ViewController.m in Sources */,
				FA839F4F264106FB00D11724 /* AppDelegate.m in Sources */,
				FA839F602641070100D11724 /* main.m in Sources */,
				FA839F52264106FB00D11724 /* SceneDelegate.m in Sources */,
			);
			runOnlyForDeploymentPostprocessing = 0;
		};
/* End PBXSourcesBuildPhase section */

/* Begin PBXVariantGroup section */
		FA839F56264106FB00D11724 /* Main.storyboard */ = {
			isa = PBXVariantGroup;
			children = (
				FA839F57264106FB00D11724 /* Base */,
			);
			name = Main.storyboard;
			sourceTree = "<group>";
		};
		FA839F5B2641070100D11724 /* LaunchScreen.storyboard */ = {
			isa = PBXVariantGroup;
			children = (
				FA839F5C2641070100D11724 /* Base */,
			);
			name = LaunchScreen.storyboard;
			sourceTree = "<group>";
		};
/* End PBXVariantGroup section */

/* Begin XCBuildConfiguration section */
		FA839F612641070100D11724 /* Debug */ = {
			isa = XCBuildConfiguration;
			buildSettings = {
				ALWAYS_SEARCH_USER_PATHS = NO;
				CLANG_ANALYZER_NONNULL = YES;
				CLANG_ANALYZER_NUMBER_OBJECT_CONVERSION = YES_AGGRESSIVE;
				CLANG_CXX_LANGUAGE_STANDARD = "gnu++14";
				CLANG_CXX_LIBRARY = "libc++";
				CLANG_ENABLE_MODULES = YES;
				CLANG_ENABLE_OBJC_ARC = YES;
				CLANG_ENABLE_OBJC_WEAK = YES;
				CLANG_WARN_BLOCK_CAPTURE_AUTORELEASING = YES;
				CLANG_WARN_BOOL_CONVERSION = YES;
				CLANG_WARN_COMMA = YES;
				CLANG_WARN_CONSTANT_CONVERSION = YES;
				CLANG_WARN_DEPRECATED_OBJC_IMPLEMENTATIONS = YES;
				CLANG_WARN_DIRECT_OBJC_ISA_USAGE = YES_ERROR;
				CLANG_WARN_DOCUMENTATION_COMMENTS = YES;
				CLANG_WARN_EMPTY_BODY = YES;
				CLANG_WARN_ENUM_CONVERSION = YES;
				CLANG_WARN_INFINITE_RECURSION = YES;
				CLANG_WARN_INT_CONVERSION = YES;
				CLANG_WARN_NON_LITERAL_NULL_CONVERSION = YES;
				CLANG_WARN_OBJC_IMPLICIT_RETAIN_SELF = YES;
				CLANG_WARN_OBJC_LITERAL_CONVERSION = YES;
				CLANG_WARN_OBJC_ROOT_CLASS = YES_ERROR;
				CLANG_WARN_QUOTED_INCLUDE_IN_FRAMEWORK_HEADER = YES;
				CLANG_WARN_RANGE_LOOP_ANALYSIS = YES;
				CLANG_WARN_STRICT_PROTOTYPES = YES;
				CLANG_WARN_SUSPICIOUS_MOVE = YES;
				CLANG_WARN_UNGUARDED_AVAILABILITY = YES_AGGRESSIVE;
				CLANG_WARN_UNREACHABLE_CODE = YES;
				CLANG_WARN__DUPLICATE_METHOD_MATCH = YES;
				COPY_PHASE_STRIP = NO;
				DEBUG_INFORMATION_FORMAT = dwarf;
				ENABLE_STRICT_OBJC_MSGSEND = YES;
				ENABLE_TESTABILITY = YES;
				GCC_C_LANGUAGE_STANDARD = gnu11;
				GCC_DYNAMIC_NO_PIC = NO;
				GCC_NO_COMMON_BLOCKS = YES;
				GCC_OPTIMIZATION_LEVEL = 0;
				GCC_PREPROCESSOR_DEFINITIONS = (
					"DEBUG=1",
					"$(inherited)",
				);
				GCC_WARN_64_TO_32_BIT_CONVERSION = YES;
				GCC_WARN_ABOUT_RETURN_TYPE = YES_ERROR;
				GCC_WARN_UNDECLARED_SELECTOR = YES;
				GCC_WARN_UNINITIALIZED_AUTOS = YES_AGGRESSIVE;
				GCC_WARN_UNUSED_FUNCTION = YES;
				GCC_WARN_UNUSED_VARIABLE = YES;
				IPHONEOS_DEPLOYMENT_TARGET = 14.4;
				MTL_ENABLE_DEBUG_INFO = INCLUDE_SOURCE;
				MTL_FAST_MATH = YES;
				ONLY_ACTIVE_ARCH = YES;
				SDKROOT = iphoneos;
			};
			name = Debug;
		};
		FA839F622641070100D11724 /* Release */ = {
			isa = XCBuildConfiguration;
			buildSettings = {
				ALWAYS_SEARCH_USER_PATHS = NO;
				CLANG_ANALYZER_NONNULL = YES;
				CLANG_ANALYZER_NUMBER_OBJECT_CONVERSION = YES_AGGRESSIVE;
				CLANG_CXX_LANGUAGE_STANDARD = "gnu++14";
				CLANG_CXX_LIBRARY = "libc++";
				CLANG_ENABLE_MODULES = YES;
				CLANG_ENABLE_OBJC_ARC = YES;
				CLANG_ENABLE_OBJC_WEAK = YES;
				CLANG_WARN_BLOCK_CAPTURE_AUTORELEASING = YES;
				CLANG_WARN_BOOL_CONVERSION = YES;
				CLANG_WARN_COMMA = YES;
				CLANG_WARN_CONSTANT_CONVERSION = YES;
				CLANG_WARN_DEPRECATED_OBJC_IMPLEMENTATIONS = YES;
				CLANG_WARN_DIRECT_OBJC_ISA_USAGE = YES_ERROR;
				CLANG_WARN_DOCUMENTATION_COMMENTS = YES;
				CLANG_WARN_EMPTY_BODY = YES;
				CLANG_WARN_ENUM_CONVERSION = YES;
				CLANG_WARN_INFINITE_RECURSION = YES;
				CLANG_WARN_INT_CONVERSION = YES;
				CLANG_WARN_NON_LITERAL_NULL_CONVERSION = YES;
				CLANG_WARN_OBJC_IMPLICIT_RETAIN_SELF = YES;
				CLANG_WARN_OBJC_LITERAL_CONVERSION = YES;
				CLANG_WARN_OBJC_ROOT_CLASS = YES_ERROR;
				CLANG_WARN_QUOTED_INCLUDE_IN_FRAMEWORK_HEADER = YES;
				CLANG_WARN_RANGE_LOOP_ANALYSIS = YES;
				CLANG_WARN_STRICT_PROTOTYPES = YES;
				CLANG_WARN_SUSPICIOUS_MOVE = YES;
				CLANG_WARN_UNGUARDED_AVAILABILITY = YES_AGGRESSIVE;
				CLANG_WARN_UNREACHABLE_CODE = YES;
				CLANG_WARN__DUPLICATE_METHOD_MATCH = YES;
				COPY_PHASE_STRIP = NO;
				DEBUG_INFORMATION_FORMAT = "dwarf-with-dsym";
				ENABLE_NS_ASSERTIONS = NO;
				ENABLE_STRICT_OBJC_MSGSEND = YES;
				GCC_C_LANGUAGE_STANDARD = gnu11;
				GCC_NO_COMMON_BLOCKS = YES;
				GCC_WARN_64_TO_32_BIT_CONVERSION = YES;
				GCC_WARN_ABOUT_RETURN_TYPE = YES_ERROR;
				GCC_WARN_UNDECLARED_SELECTOR = YES;
				GCC_WARN_UNINITIALIZED_AUTOS = YES_AGGRESSIVE;
				GCC_WARN_UNUSED_FUNCTION = YES;
				GCC_WARN_UNUSED_VARIABLE = YES;
				IPHONEOS_DEPLOYMENT_TARGET = 14.4;
				MTL_ENABLE_DEBUG_INFO = NO;
				MTL_FAST_MATH = YES;
				SDKROOT = iphoneos;
				VALIDATE_PRODUCT = YES;
			};
			name = Release;
		};
		FA839F642641070100D11724 /* Debug */ = {
			isa = XCBuildConfiguration;
			buildSettings = {
				ASSETCATALOG_COMPILER_APPICON_NAME = AppIcon;
				ASSETCATALOG_COMPILER_GLOBAL_ACCENT_COLOR_NAME = AccentColor;
				CODE_SIGN_STYLE = Automatic;
				DEVELOPMENT_TEAM = YCD9BQ95M3;
				INFOPLIST_FILE = lesson8/Info.plist;
				LD_RUNPATH_SEARCH_PATHS = (
					"$(inherited)",
					"@executable_path/Frameworks",
				);
				PRODUCT_BUNDLE_IDENTIFIER = com.Ismail.lesson8;
				PRODUCT_NAME = "$(TARGET_NAME)";
				TARGETED_DEVICE_FAMILY = "1,2";
			};
			name = Debug;
		};
		FA839F652641070100D11724 /* Release */ = {
			isa = XCBuildConfiguration;
			buildSettings = {
				ASSETCATALOG_COMPILER_APPICON_NAME = AppIcon;
				ASSETCATALOG_COMPILER_GLOBAL_ACCENT_COLOR_NAME = AccentColor;
				CODE_SIGN_STYLE = Automatic;
				DEVELOPMENT_TEAM = YCD9BQ95M3;
				INFOPLIST_FILE = lesson8/Info.plist;
				LD_RUNPATH_SEARCH_PATHS = (
					"$(inherited)",
					"@executable_path/Frameworks",
				);
				PRODUCT_BUNDLE_IDENTIFIER = com.Ismail.lesson8;
				PRODUCT_NAME = "$(TARGET_NAME)";
				TARGETED_DEVICE_FAMILY = "1,2";
			};
			name = Release;
		};
/* End XCBuildConfiguration section */

/* Begin XCConfigurationList section */
		FA839F45264106FB00D11724 /* Build configuration list for PBXProject "lesson8" */ = {
			isa = XCConfigurationList;
			buildConfigurations = (
				FA839F612641070100D11724 /* Debug */,
				FA839F622641070100D11724 /* Release */,
			);
			defaultConfigurationIsVisible = 0;
			defaultConfigurationName = Release;
		};
		FA839F632641070100D11724 /* Build configuration list for PBXNativeTarget "lesson8" */ = {
			isa = XCConfigurationList;
			buildConfigurations = (
				FA839F642641070100D11724 /* Debug */,
				FA839F652641070100D11724 /* Release */,
			);
			defaultConfigurationIsVisible = 0;
			defaultConfigurationName = Release;
		};
/* End XCConfigurationList section */
	};
	rootObject = FA839F42264106FA00D11724 /* Project object */;
}
